
Microsoft Visual Studio Solution File, Format Version 11.00
# Visual Studio 2010
Project("{FAE04EC0-301F-11D3-BF4B-00C04F79EFBC}") = "proba2", "Assembly-CSharp.csproj", "{AE0BD275-45E0-661B-C6A8-C94EDC758B2E}"
EndProject
Project("{FAE04EC0-301F-11D3-BF4B-00C04F79EFBC}") = "proba2", "Assembly-CSharp-firstpass.csproj", "{B0448DF1-DDEE-6032-7220-D9E1CAD024E8}"
EndProject
Project("{FAE04EC0-301F-11D3-BF4B-00C04F79EFBC}") = "proba2", "Assembly-CSharp-Editor.csproj", "{36998F0F-B100-BEBA-5792-8863D86FFCC4}"
EndProject
Global
	GlobalSection(SolutionConfigurationPlatforms) = preSolution
		Debug|Any CPU = Debug|Any CPU
		Release|Any CPU = Release|Any CPU
	EndGlobalSection
	GlobalSection(ProjectConfigurationPlatforms) = postSolution
		{AE0BD275-45E0-661B-C6A8-C94EDC758B2E}.Debug|Any CPU.ActiveCfg = Debug|Any CPU
		{AE0BD275-45E0-661B-C6A8-C94EDC758B2E}.Debug|Any CPU.Build.0 = Debug|Any CPU
		{AE0BD275-45E0-661B-C6A8-C94EDC758B2E}.Release|Any CPU.ActiveCfg = Release|Any CPU
		{AE0BD275-45E0-661B-C6A8-C94EDC758B2E}.Release|Any CPU.Build.0 = Release|Any CPU
		{B0448DF1-DDEE-6032-7220-D9E1CAD024E8}.Debug|Any CPU.ActiveCfg = Debug|Any CPU
		{B0448DF1-DDEE-6032-7220-D9E1CAD024E8}.Debug|Any CPU.Build.0 = Debug|Any CPU
		{B0448DF1-DDEE-6032-7220-D9E1CAD024E8}.Release|Any CPU.ActiveCfg = Release|Any CPU
		{B0448DF1-DDEE-6032-7220-D9E1CAD024E8}.Release|Any CPU.Build.0 = Release|Any CPU
		{36998F0F-B100-BEBA-5792-8863D86FFCC4}.Debug|Any CPU.ActiveCfg = Debug|Any CPU
		{36998F0F-B100-BEBA-5792-8863D86FFCC4}.Debug|Any CPU.Build.0 = Debug|Any CPU
		{36998F0F-B100-BEBA-5792-8863D86FFCC4}.Release|Any CPU.ActiveCfg = Release|Any CPU
		{36998F0F-B100-BEBA-5792-8863D86FFCC4}.Release|Any CPU.Build.0 = Release|Any CPU
	EndGlobalSection
	GlobalSection(SolutionProperties) = preSolution
		HideSolutionNode = FALSE
	EndGlobalSection
	GlobalSection(MonoDevelopProperties) = preSolution
		StartupItem = Assembly-CSharp.csproj
	EndGlobalSection
EndGlobal
